
Microsoft Visual Studio Solution File, Format Version 12.00
# Visual Studio Version 17
VisualStudioVersion = 17.12.35527.113 d17.12
MinimumVisualStudioVersion = 10.0.40219.1
Project("{FAE04EC0-301F-11D3-BF4B-00C04F79EFBC}") = "ClubMembershipApplication", "ClubMembershipApplication\ClubMembershipApplication.csproj", "{A230CE1A-ABC5-43EB-A729-F6CAD86A1F29}"
EndProject
Project("{FAE04EC0-301F-11D3-BF4B-00C04F79EFBC}") = "FieldValidatorAPI", "FIeldValidatorAPI\FieldValidatorAPI.csproj", "{1DB0CECD-1CC0-492C-8624-A3634B8C1074}"
EndProject
Global
	GlobalSection(SolutionConfigurationPlatforms) = preSolution
		Debug|Any CPU = Debug|Any CPU
		Release|Any CPU = Release|Any CPU
	EndGlobalSection
	GlobalSection(ProjectConfigurationPlatforms) = postSolution
		{A230CE1A-ABC5-43EB-A729-F6CAD86A1F29}.Debug|Any CPU.ActiveCfg = Debug|Any CPU
		{A230CE1A-ABC5-43EB-A729-F6CAD86A1F29}.Debug|Any CPU.Build.0 = Debug|Any CPU
		{A230CE1A-ABC5-43EB-A729-F6CAD86A1F29}.Release|Any CPU.ActiveCfg = Release|Any CPU
		{A230CE1A-ABC5-43EB-A729-F6CAD86A1F29}.Release|Any CPU.Build.0 = Release|Any CPU
		{1DB0CECD-1CC0-492C-8624-A3634B8C1074}.Debug|Any CPU.ActiveCfg = Debug|Any CPU
		{1DB0CECD-1CC0-492C-8624-A3634B8C1074}.Debug|Any CPU.Build.0 = Debug|Any CPU
		{1DB0CECD-1CC0-492C-8624-A3634B8C1074}.Release|Any CPU.ActiveCfg = Release|Any CPU
		{1DB0CECD-1CC0-492C-8624-A3634B8C1074}.Release|Any CPU.Build.0 = Release|Any CPU
	EndGlobalSection
	GlobalSection(SolutionProperties) = preSolution
		HideSolutionNode = FALSE
	EndGlobalSection
EndGlobal
